
Microsoft Visual Studio Solution File, Format Version 12.00
# Visual Studio Version 17
VisualStudioVersion = 17.10.35013.160
MinimumVisualStudioVersion = 10.0.40219.1
Project("{2150E333-8FDC-42A3-9474-1A3956D46DE8}") = "Core", "Core", "{A81BDEA7-896C-44CF-A757-FE21A6EB6969}"
EndProject
Project("{2150E333-8FDC-42A3-9474-1A3956D46DE8}") = "Infrastructure", "Infrastructure", "{9B7B63EA-948A-4127-86D8-9326B34A56E7}"
EndProject
Project("{2150E333-8FDC-42A3-9474-1A3956D46DE8}") = "Presentation", "Presentation", "{D06A4F98-F7FE-4D4F-8843-7C24688294F9}"
EndProject
Project("{2150E333-8FDC-42A3-9474-1A3956D46DE8}") = "Tests", "Tests", "{10360845-902B-4A96-A004-EDCD7619F0D6}"
EndProject
Project("{FAE04EC0-301F-11D3-BF4B-00C04F79EFBC}") = "LinkShortener.Domain", "LinkShortener.Domain\LinkShortener.Domain.csproj", "{0ADED799-6577-4680-A0F4-3160F55D6591}"
EndProject
Project("{FAE04EC0-301F-11D3-BF4B-00C04F79EFBC}") = "LinkShortener.Application", "LinkShortener.Application\LinkShortener.Application.csproj", "{1A85349E-A236-4D43-BABF-7C58F793E1CD}"
EndProject
Project("{FAE04EC0-301F-11D3-BF4B-00C04F79EFBC}") = "LinkShortener.Infrastructure", "LinkShortener.Infrastructure\LinkShortener.Infrastructure.csproj", "{729E4A36-53FB-445E-8D98-8BC6DCD5EB6A}"
EndProject
Project("{FAE04EC0-301F-11D3-BF4B-00C04F79EFBC}") = "LinkShortener.Persistence", "LinkShortener.Persistence\LinkShortener.Persistence.csproj", "{9B4E0318-EB1A-415D-91D0-0C43EF34D65F}"
EndProject
Project("{FAE04EC0-301F-11D3-BF4B-00C04F79EFBC}") = "LinkShortener.API", "LinkShortener.API\LinkShortener.API.csproj", "{C009E1FE-CE31-4FF7-9437-ACD25E2F5522}"
EndProject
Global
	GlobalSection(SolutionConfigurationPlatforms) = preSolution
		Debug|Any CPU = Debug|Any CPU
		Release|Any CPU = Release|Any CPU
	EndGlobalSection
	GlobalSection(ProjectConfigurationPlatforms) = postSolution
		{0ADED799-6577-4680-A0F4-3160F55D6591}.Debug|Any CPU.ActiveCfg = Debug|Any CPU
		{0ADED799-6577-4680-A0F4-3160F55D6591}.Debug|Any CPU.Build.0 = Debug|Any CPU
		{0ADED799-6577-4680-A0F4-3160F55D6591}.Release|Any CPU.ActiveCfg = Release|Any CPU
		{0ADED799-6577-4680-A0F4-3160F55D6591}.Release|Any CPU.Build.0 = Release|Any CPU
		{1A85349E-A236-4D43-BABF-7C58F793E1CD}.Debug|Any CPU.ActiveCfg = Debug|Any CPU
		{1A85349E-A236-4D43-BABF-7C58F793E1CD}.Debug|Any CPU.Build.0 = Debug|Any CPU
		{1A85349E-A236-4D43-BABF-7C58F793E1CD}.Release|Any CPU.ActiveCfg = Release|Any CPU
		{1A85349E-A236-4D43-BABF-7C58F793E1CD}.Release|Any CPU.Build.0 = Release|Any CPU
		{729E4A36-53FB-445E-8D98-8BC6DCD5EB6A}.Debug|Any CPU.ActiveCfg = Debug|Any CPU
		{729E4A36-53FB-445E-8D98-8BC6DCD5EB6A}.Debug|Any CPU.Build.0 = Debug|Any CPU
		{729E4A36-53FB-445E-8D98-8BC6DCD5EB6A}.Release|Any CPU.ActiveCfg = Release|Any CPU
		{729E4A36-53FB-445E-8D98-8BC6DCD5EB6A}.Release|Any CPU.Build.0 = Release|Any CPU
		{9B4E0318-EB1A-415D-91D0-0C43EF34D65F}.Debug|Any CPU.ActiveCfg = Debug|Any CPU
		{9B4E0318-EB1A-415D-91D0-0C43EF34D65F}.Debug|Any CPU.Build.0 = Debug|Any CPU
		{9B4E0318-EB1A-415D-91D0-0C43EF34D65F}.Release|Any CPU.ActiveCfg = Release|Any CPU
		{9B4E0318-EB1A-415D-91D0-0C43EF34D65F}.Release|Any CPU.Build.0 = Release|Any CPU
		{C009E1FE-CE31-4FF7-9437-ACD25E2F5522}.Debug|Any CPU.ActiveCfg = Debug|Any CPU
		{C009E1FE-CE31-4FF7-9437-ACD25E2F5522}.Debug|Any CPU.Build.0 = Debug|Any CPU
		{C009E1FE-CE31-4FF7-9437-ACD25E2F5522}.Release|Any CPU.ActiveCfg = Release|Any CPU
		{C009E1FE-CE31-4FF7-9437-ACD25E2F5522}.Release|Any CPU.Build.0 = Release|Any CPU
	EndGlobalSection
	GlobalSection(SolutionProperties) = preSolution
		HideSolutionNode = FALSE
	EndGlobalSection
	GlobalSection(NestedProjects) = preSolution
		{0ADED799-6577-4680-A0F4-3160F55D6591} = {A81BDEA7-896C-44CF-A757-FE21A6EB6969}
		{1A85349E-A236-4D43-BABF-7C58F793E1CD} = {A81BDEA7-896C-44CF-A757-FE21A6EB6969}
		{729E4A36-53FB-445E-8D98-8BC6DCD5EB6A} = {9B7B63EA-948A-4127-86D8-9326B34A56E7}
		{9B4E0318-EB1A-415D-91D0-0C43EF34D65F} = {9B7B63EA-948A-4127-86D8-9326B34A56E7}
		{C009E1FE-CE31-4FF7-9437-ACD25E2F5522} = {D06A4F98-F7FE-4D4F-8843-7C24688294F9}
	EndGlobalSection
	GlobalSection(ExtensibilityGlobals) = postSolution
		SolutionGuid = {52F96EBA-3F7C-4E79-AC82-4B7D7DF236C6}
	EndGlobalSection
EndGlobal
